
Microsoft Visual Studio Solution File, Format Version 12.00
# Visual Studio Version 17
VisualStudioVersion = 17.5.33414.496
MinimumVisualStudioVersion = 10.0.40219.1
Project("{FAE04EC0-301F-11D3-BF4B-00C04F79EFBC}") = "ParcialServicios", "ParcialServicios\ParcialServicios.csproj", "{B23D31D5-360D-41E9-87D9-0556EB55EA1C}"
EndProject
Project("{FAE04EC0-301F-11D3-BF4B-00C04F79EFBC}") = "WebPages", "WebPages\WebPages.csproj", "{2B2A5FFC-6AD7-46C8-B303-D4CDB576FCBA}"
EndProject
Global
	GlobalSection(SolutionConfigurationPlatforms) = preSolution
		Debug|Any CPU = Debug|Any CPU
		Release|Any CPU = Release|Any CPU
	EndGlobalSection
	GlobalSection(ProjectConfigurationPlatforms) = postSolution
		{B23D31D5-360D-41E9-87D9-0556EB55EA1C}.Debug|Any CPU.ActiveCfg = Debug|Any CPU
		{B23D31D5-360D-41E9-87D9-0556EB55EA1C}.Debug|Any CPU.Build.0 = Debug|Any CPU
		{B23D31D5-360D-41E9-87D9-0556EB55EA1C}.Release|Any CPU.ActiveCfg = Release|Any CPU
		{B23D31D5-360D-41E9-87D9-0556EB55EA1C}.Release|Any CPU.Build.0 = Release|Any CPU
		{2B2A5FFC-6AD7-46C8-B303-D4CDB576FCBA}.Debug|Any CPU.ActiveCfg = Debug|Any CPU
		{2B2A5FFC-6AD7-46C8-B303-D4CDB576FCBA}.Debug|Any CPU.Build.0 = Debug|Any CPU
		{2B2A5FFC-6AD7-46C8-B303-D4CDB576FCBA}.Release|Any CPU.ActiveCfg = Release|Any CPU
		{2B2A5FFC-6AD7-46C8-B303-D4CDB576FCBA}.Release|Any CPU.Build.0 = Release|Any CPU
	EndGlobalSection
	GlobalSection(SolutionProperties) = preSolution
		HideSolutionNode = FALSE
	EndGlobalSection
	GlobalSection(ExtensibilityGlobals) = postSolution
		SolutionGuid = {5C108194-B059-441F-9D33-AE015F98447E}
	EndGlobalSection
EndGlobal
